{
  "name": "blog",
  "version": "1.0.0",
  "lockfileVersion": 3,
  "requires": true,
  "packages": {
    "": {
      "name": "blog",
      "version": "1.0.0",
      "license": "MIT",
      "workspaces": [
        "apps/blog-api",
        "apps/blog-admin",
        "apps/blog-public"
      ]
    },
    "apps/blog-admin": {
      "version": "1.0.0",
      "license": "ISC"
    },
    "apps/blog-api": {
      "version": "1.0.0",
      "license": "ISC"
    },
    "apps/blog-public": {
      "version": "1.0.0",
      "license": "ISC"
    },
    "node_modules/blog-admin": {
      "resolved": "apps/blog-admin",
      "link": true
    },
    "node_modules/blog-api": {
      "resolved": "apps/blog-api",
      "link": true
    },
    "node_modules/blog-public": {
      "resolved": "apps/blog-public",
      "link": true
    }
  }
}
